
Microsoft Visual Studio Solution File, Format Version 12.00
# Visual Studio 15
VisualStudioVersion = 15.0.28307.168
MinimumVisualStudioVersion = 10.0.40219.1
Project("{FAE04EC0-301F-11D3-BF4B-00C04F79EFBC}") = "RedWood", "RedWood\RedWood.csproj", "{4EE9FB9E-3CB5-4F43-9D6D-B168F7B9797E}"
EndProject
Project("{FAE04EC0-301F-11D3-BF4B-00C04F79EFBC}") = "RedWood.Test", "RedWood.Test\RedWood.Test.csproj", "{8EDF4429-251A-416D-BB68-93F227191BCF}"
EndProject
Project("{FAE04EC0-301F-11D3-BF4B-00C04F79EFBC}") = "RedWood.Test.Forms", "RedWood.Test.Forms\RedWood.Test.Forms.csproj", "{A697569A-4BC5-485A-ADDB-9BE9B84CBCAD}"
EndProject
Global
	GlobalSection(SolutionConfigurationPlatforms) = preSolution
		Debug|Any CPU = Debug|Any CPU
		Release|Any CPU = Release|Any CPU
	EndGlobalSection
	GlobalSection(ProjectConfigurationPlatforms) = postSolution
		{4EE9FB9E-3CB5-4F43-9D6D-B168F7B9797E}.Debug|Any CPU.ActiveCfg = Debug|Any CPU
		{4EE9FB9E-3CB5-4F43-9D6D-B168F7B9797E}.Debug|Any CPU.Build.0 = Debug|Any CPU
		{4EE9FB9E-3CB5-4F43-9D6D-B168F7B9797E}.Release|Any CPU.ActiveCfg = Release|Any CPU
		{4EE9FB9E-3CB5-4F43-9D6D-B168F7B9797E}.Release|Any CPU.Build.0 = Release|Any CPU
		{8EDF4429-251A-416D-BB68-93F227191BCF}.Debug|Any CPU.ActiveCfg = Debug|Any CPU
		{8EDF4429-251A-416D-BB68-93F227191BCF}.Debug|Any CPU.Build.0 = Debug|Any CPU
		{8EDF4429-251A-416D-BB68-93F227191BCF}.Release|Any CPU.ActiveCfg = Release|Any CPU
		{8EDF4429-251A-416D-BB68-93F227191BCF}.Release|Any CPU.Build.0 = Release|Any CPU
		{A697569A-4BC5-485A-ADDB-9BE9B84CBCAD}.Debug|Any CPU.ActiveCfg = Debug|Any CPU
		{A697569A-4BC5-485A-ADDB-9BE9B84CBCAD}.Debug|Any CPU.Build.0 = Debug|Any CPU
		{A697569A-4BC5-485A-ADDB-9BE9B84CBCAD}.Release|Any CPU.ActiveCfg = Release|Any CPU
		{A697569A-4BC5-485A-ADDB-9BE9B84CBCAD}.Release|Any CPU.Build.0 = Release|Any CPU
	EndGlobalSection
	GlobalSection(SolutionProperties) = preSolution
		HideSolutionNode = FALSE
	EndGlobalSection
	GlobalSection(ExtensibilityGlobals) = postSolution
		SolutionGuid = {4BC279A1-0FBA-4557-B75F-25796F7B3B3F}
	EndGlobalSection
EndGlobal
